
Microsoft Visual Studio Solution File, Format Version 12.00
# Visual Studio Version 17
VisualStudioVersion = 17.14.36511.14 d17.14
MinimumVisualStudioVersion = 10.0.40219.1
Project("{FAE04EC0-301F-11D3-BF4B-00C04F79EFBC}") = "DoWhile", "DoWhile.csproj", "{49F165F4-6552-451D-B97D-A0B94EB1A88D}"
EndProject
Global
	GlobalSection(SolutionConfigurationPlatforms) = preSolution
		Debug|Any CPU = Debug|Any CPU
		Release|Any CPU = Release|Any CPU
	EndGlobalSection
	GlobalSection(ProjectConfigurationPlatforms) = postSolution
		{49F165F4-6552-451D-B97D-A0B94EB1A88D}.Debug|Any CPU.ActiveCfg = Debug|Any CPU
		{49F165F4-6552-451D-B97D-A0B94EB1A88D}.Debug|Any CPU.Build.0 = Debug|Any CPU
		{49F165F4-6552-451D-B97D-A0B94EB1A88D}.Release|Any CPU.ActiveCfg = Release|Any CPU
		{49F165F4-6552-451D-B97D-A0B94EB1A88D}.Release|Any CPU.Build.0 = Release|Any CPU
	EndGlobalSection
	GlobalSection(SolutionProperties) = preSolution
		HideSolutionNode = FALSE
	EndGlobalSection
	GlobalSection(ExtensibilityGlobals) = postSolution
		SolutionGuid = {70B4AB69-4B65-4DF8-A21B-E5A259437129}
	EndGlobalSection
EndGlobal
